
Microsoft Visual Studio Solution File, Format Version 12.00
# Visual Studio Version 17
VisualStudioVersion = 17.0.31903.59
MinimumVisualStudioVersion = 10.0.40219.1
Project("{2150E333-8FDC-42A3-9474-1A3956D46DE8}") = "src", "src", "{827E0CD3-B72D-47B6-A68D-7590B98EB39B}"
EndProject
Project("{FAE04EC0-301F-11D3-BF4B-00C04F79EFBC}") = "DailyBoard.Domain", "src\DailyBoard.Domain\DailyBoard.Domain.csproj", "{37BFCC49-D94D-43DE-8B5A-981C6BBA1155}"
EndProject
Project("{FAE04EC0-301F-11D3-BF4B-00C04F79EFBC}") = "DailyBoard.Application", "src\DailyBoard.Application\DailyBoard.Application.csproj", "{7267AEBD-22C1-4E7C-996F-4839C9286B96}"
EndProject
Project("{FAE04EC0-301F-11D3-BF4B-00C04F79EFBC}") = "DailyBoard.Infrastructure", "src\DailyBoard.Infrastructure\DailyBoard.Infrastructure.csproj", "{0E9B61C3-2BDD-4907-8C8E-003C62C72D60}"
EndProject
Project("{FAE04EC0-301F-11D3-BF4B-00C04F79EFBC}") = "DailyBoard.Api", "src\DailyBoard.Api\DailyBoard.Api.csproj", "{4A9E8574-745A-456B-BAF3-53DB449D671D}"
EndProject
Project("{2150E333-8FDC-42A3-9474-1A3956D46DE8}") = "tests", "tests", "{0AB3BF05-4346-4AA6-1389-037BE0695223}"
EndProject
Project("{FAE04EC0-301F-11D3-BF4B-00C04F79EFBC}") = "DailyBoard.Domain.Tests", "tests\DailyBoard.Domain.Tests\DailyBoard.Domain.Tests.csproj", "{321DF74F-FE36-4D87-AEFB-B8258495DDAA}"
EndProject
Project("{FAE04EC0-301F-11D3-BF4B-00C04F79EFBC}") = "DailyBoard.Application.Tests", "tests\DailyBoard.Application.Tests\DailyBoard.Application.Tests.csproj", "{D37DFB1D-30E9-46B9-B286-DF20FEB65D16}"
EndProject
Project("{FAE04EC0-301F-11D3-BF4B-00C04F79EFBC}") = "DailyBoard.Infrastructure.Tests", "tests\DailyBoard.Infrastructure.Tests\DailyBoard.Infrastructure.Tests.csproj", "{428834AD-CCA7-48D5-A330-7F444D4A1885}"
EndProject
Project("{FAE04EC0-301F-11D3-BF4B-00C04F79EFBC}") = "DailyBoard.Api.Tests", "tests\DailyBoard.Api.Tests\DailyBoard.Api.Tests.csproj", "{E904A780-5C3C-4C5A-BED5-0D337CFD7B2F}"
EndProject
Global
	GlobalSection(SolutionConfigurationPlatforms) = preSolution
		Debug|Any CPU = Debug|Any CPU
		Debug|x64 = Debug|x64
		Debug|x86 = Debug|x86
		Release|Any CPU = Release|Any CPU
		Release|x64 = Release|x64
		Release|x86 = Release|x86
	EndGlobalSection
	GlobalSection(ProjectConfigurationPlatforms) = postSolution
		{37BFCC49-D94D-43DE-8B5A-981C6BBA1155}.Debug|Any CPU.ActiveCfg = Debug|Any CPU
		{37BFCC49-D94D-43DE-8B5A-981C6BBA1155}.Debug|Any CPU.Build.0 = Debug|Any CPU
		{37BFCC49-D94D-43DE-8B5A-981C6BBA1155}.Debug|x64.ActiveCfg = Debug|Any CPU
		{37BFCC49-D94D-43DE-8B5A-981C6BBA1155}.Debug|x64.Build.0 = Debug|Any CPU
		{37BFCC49-D94D-43DE-8B5A-981C6BBA1155}.Debug|x86.ActiveCfg = Debug|Any CPU
		{37BFCC49-D94D-43DE-8B5A-981C6BBA1155}.Debug|x86.Build.0 = Debug|Any CPU
		{37BFCC49-D94D-43DE-8B5A-981C6BBA1155}.Release|Any CPU.ActiveCfg = Release|Any CPU
		{37BFCC49-D94D-43DE-8B5A-981C6BBA1155}.Release|Any CPU.Build.0 = Release|Any CPU
		{37BFCC49-D94D-43DE-8B5A-981C6BBA1155}.Release|x64.ActiveCfg = Release|Any CPU
		{37BFCC49-D94D-43DE-8B5A-981C6BBA1155}.Release|x64.Build.0 = Release|Any CPU
		{37BFCC49-D94D-43DE-8B5A-981C6BBA1155}.Release|x86.ActiveCfg = Release|Any CPU
		{37BFCC49-D94D-43DE-8B5A-981C6BBA1155}.Release|x86.Build.0 = Release|Any CPU
		{7267AEBD-22C1-4E7C-996F-4839C9286B96}.Debug|Any CPU.ActiveCfg = Debug|Any CPU
		{7267AEBD-22C1-4E7C-996F-4839C9286B96}.Debug|Any CPU.Build.0 = Debug|Any CPU
		{7267AEBD-22C1-4E7C-996F-4839C9286B96}.Debug|x64.ActiveCfg = Debug|Any CPU
		{7267AEBD-22C1-4E7C-996F-4839C9286B96}.Debug|x64.Build.0 = Debug|Any CPU
		{7267AEBD-22C1-4E7C-996F-4839C9286B96}.Debug|x86.ActiveCfg = Debug|Any CPU
		{7267AEBD-22C1-4E7C-996F-4839C9286B96}.Debug|x86.Build.0 = Debug|Any CPU
		{7267AEBD-22C1-4E7C-996F-4839C9286B96}.Release|Any CPU.ActiveCfg = Release|Any CPU
		{7267AEBD-22C1-4E7C-996F-4839C9286B96}.Release|Any CPU.Build.0 = Release|Any CPU
		{7267AEBD-22C1-4E7C-996F-4839C9286B96}.Release|x64.ActiveCfg = Release|Any CPU
		{7267AEBD-22C1-4E7C-996F-4839C9286B96}.Release|x64.Build.0 = Release|Any CPU
		{7267AEBD-22C1-4E7C-996F-4839C9286B96}.Release|x86.ActiveCfg = Release|Any CPU
		{7267AEBD-22C1-4E7C-996F-4839C9286B96}.Release|x86.Build.0 = Release|Any CPU
		{0E9B61C3-2BDD-4907-8C8E-003C62C72D60}.Debug|Any CPU.ActiveCfg = Debug|Any CPU
		{0E9B61C3-2BDD-4907-8C8E-003C62C72D60}.Debug|Any CPU.Build.0 = Debug|Any CPU
		{0E9B61C3-2BDD-4907-8C8E-003C62C72D60}.Debug|x64.ActiveCfg = Debug|Any CPU
		{0E9B61C3-2BDD-4907-8C8E-003C62C72D60}.Debug|x64.Build.0 = Debug|Any CPU
		{0E9B61C3-2BDD-4907-8C8E-003C62C72D60}.Debug|x86.ActiveCfg = Debug|Any CPU
		{0E9B61C3-2BDD-4907-8C8E-003C62C72D60}.Debug|x86.Build.0 = Debug|Any CPU
		{0E9B61C3-2BDD-4907-8C8E-003C62C72D60}.Release|Any CPU.ActiveCfg = Release|Any CPU
		{0E9B61C3-2BDD-4907-8C8E-003C62C72D60}.Release|Any CPU.Build.0 = Release|Any CPU
		{0E9B61C3-2BDD-4907-8C8E-003C62C72D60}.Release|x64.ActiveCfg = Release|Any CPU
		{0E9B61C3-2BDD-4907-8C8E-003C62C72D60}.Release|x64.Build.0 = Release|Any CPU
		{0E9B61C3-2BDD-4907-8C8E-003C62C72D60}.Release|x86.ActiveCfg = Release|Any CPU
		{0E9B61C3-2BDD-4907-8C8E-003C62C72D60}.Release|x86.Build.0 = Release|Any CPU
		{4A9E8574-745A-456B-BAF3-53DB449D671D}.Debug|Any CPU.ActiveCfg = Debug|Any CPU
		{4A9E8574-745A-456B-BAF3-53DB449D671D}.Debug|Any CPU.Build.0 = Debug|Any CPU
		{4A9E8574-745A-456B-BAF3-53DB449D671D}.Debug|x64.ActiveCfg = Debug|Any CPU
		{4A9E8574-745A-456B-BAF3-53DB449D671D}.Debug|x64.Build.0 = Debug|Any CPU
		{4A9E8574-745A-456B-BAF3-53DB449D671D}.Debug|x86.ActiveCfg = Debug|Any CPU
		{4A9E8574-745A-456B-BAF3-53DB449D671D}.Debug|x86.Build.0 = Debug|Any CPU
		{4A9E8574-745A-456B-BAF3-53DB449D671D}.Release|Any CPU.ActiveCfg = Release|Any CPU
		{4A9E8574-745A-456B-BAF3-53DB449D671D}.Release|Any CPU.Build.0 = Release|Any CPU
		{4A9E8574-745A-456B-BAF3-53DB449D671D}.Release|x64.ActiveCfg = Release|Any CPU
		{4A9E8574-745A-456B-BAF3-53DB449D671D}.Release|x64.Build.0 = Release|Any CPU
		{4A9E8574-745A-456B-BAF3-53DB449D671D}.Release|x86.ActiveCfg = Release|Any CPU
		{4A9E8574-745A-456B-BAF3-53DB449D671D}.Release|x86.Build.0 = Release|Any CPU
		{321DF74F-FE36-4D87-AEFB-B8258495DDAA}.Debug|Any CPU.ActiveCfg = Debug|Any CPU
		{321DF74F-FE36-4D87-AEFB-B8258495DDAA}.Debug|Any CPU.Build.0 = Debug|Any CPU
		{321DF74F-FE36-4D87-AEFB-B8258495DDAA}.Debug|x64.ActiveCfg = Debug|Any CPU
		{321DF74F-FE36-4D87-AEFB-B8258495DDAA}.Debug|x64.Build.0 = Debug|Any CPU
		{321DF74F-FE36-4D87-AEFB-B8258495DDAA}.Debug|x86.ActiveCfg = Debug|Any CPU
		{321DF74F-FE36-4D87-AEFB-B8258495DDAA}.Debug|x86.Build.0 = Debug|Any CPU
		{321DF74F-FE36-4D87-AEFB-B8258495DDAA}.Release|Any CPU.ActiveCfg = Release|Any CPU
		{321DF74F-FE36-4D87-AEFB-B8258495DDAA}.Release|Any CPU.Build.0 = Release|Any CPU
		{321DF74F-FE36-4D87-AEFB-B8258495DDAA}.Release|x64.ActiveCfg = Release|Any CPU
		{321DF74F-FE36-4D87-AEFB-B8258495DDAA}.Release|x64.Build.0 = Release|Any CPU
		{321DF74F-FE36-4D87-AEFB-B8258495DDAA}.Release|x86.ActiveCfg = Release|Any CPU
		{321DF74F-FE36-4D87-AEFB-B8258495DDAA}.Release|x86.Build.0 = Release|Any CPU
		{D37DFB1D-30E9-46B9-B286-DF20FEB65D16}.Debug|Any CPU.ActiveCfg = Debug|Any CPU
		{D37DFB1D-30E9-46B9-B286-DF20FEB65D16}.Debug|Any CPU.Build.0 = Debug|Any CPU
		{D37DFB1D-30E9-46B9-B286-DF20FEB65D16}.Debug|x64.ActiveCfg = Debug|Any CPU
		{D37DFB1D-30E9-46B9-B286-DF20FEB65D16}.Debug|x64.Build.0 = Debug|Any CPU
		{D37DFB1D-30E9-46B9-B286-DF20FEB65D16}.Debug|x86.ActiveCfg = Debug|Any CPU
		{D37DFB1D-30E9-46B9-B286-DF20FEB65D16}.Debug|x86.Build.0 = Debug|Any CPU
		{D37DFB1D-30E9-46B9-B286-DF20FEB65D16}.Release|Any CPU.ActiveCfg = Release|Any CPU
		{D37DFB1D-30E9-46B9-B286-DF20FEB65D16}.Release|Any CPU.Build.0 = Release|Any CPU
		{D37DFB1D-30E9-46B9-B286-DF20FEB65D16}.Release|x64.ActiveCfg = Release|Any CPU
		{D37DFB1D-30E9-46B9-B286-DF20FEB65D16}.Release|x64.Build.0 = Release|Any CPU
		{D37DFB1D-30E9-46B9-B286-DF20FEB65D16}.Release|x86.ActiveCfg = Release|Any CPU
		{D37DFB1D-30E9-46B9-B286-DF20FEB65D16}.Release|x86.Build.0 = Release|Any CPU
		{428834AD-CCA7-48D5-A330-7F444D4A1885}.Debug|Any CPU.ActiveCfg = Debug|Any CPU
		{428834AD-CCA7-48D5-A330-7F444D4A1885}.Debug|Any CPU.Build.0 = Debug|Any CPU
		{428834AD-CCA7-48D5-A330-7F444D4A1885}.Debug|x64.ActiveCfg = Debug|Any CPU
		{428834AD-CCA7-48D5-A330-7F444D4A1885}.Debug|x64.Build.0 = Debug|Any CPU
		{428834AD-CCA7-48D5-A330-7F444D4A1885}.Debug|x86.ActiveCfg = Debug|Any CPU
		{428834AD-CCA7-48D5-A330-7F444D4A1885}.Debug|x86.Build.0 = Debug|Any CPU
		{428834AD-CCA7-48D5-A330-7F444D4A1885}.Release|Any CPU.ActiveCfg = Release|Any CPU
		{428834AD-CCA7-48D5-A330-7F444D4A1885}.Release|Any CPU.Build.0 = Release|Any CPU
		{428834AD-CCA7-48D5-A330-7F444D4A1885}.Release|x64.ActiveCfg = Release|Any CPU
		{428834AD-CCA7-48D5-A330-7F444D4A1885}.Release|x64.Build.0 = Release|Any CPU
		{428834AD-CCA7-48D5-A330-7F444D4A1885}.Release|x86.ActiveCfg = Release|Any CPU
		{428834AD-CCA7-48D5-A330-7F444D4A1885}.Release|x86.Build.0 = Release|Any CPU
		{E904A780-5C3C-4C5A-BED5-0D337CFD7B2F}.Debug|Any CPU.ActiveCfg = Debug|Any CPU
		{E904A780-5C3C-4C5A-BED5-0D337CFD7B2F}.Debug|Any CPU.Build.0 = Debug|Any CPU
		{E904A780-5C3C-4C5A-BED5-0D337CFD7B2F}.Debug|x64.ActiveCfg = Debug|Any CPU
		{E904A780-5C3C-4C5A-BED5-0D337CFD7B2F}.Debug|x64.Build.0 = Debug|Any CPU
		{E904A780-5C3C-4C5A-BED5-0D337CFD7B2F}.Debug|x86.ActiveCfg = Debug|Any CPU
		{E904A780-5C3C-4C5A-BED5-0D337CFD7B2F}.Debug|x86.Build.0 = Debug|Any CPU
		{E904A780-5C3C-4C5A-BED5-0D337CFD7B2F}.Release|Any CPU.ActiveCfg = Release|Any CPU
		{E904A780-5C3C-4C5A-BED5-0D337CFD7B2F}.Release|Any CPU.Build.0 = Release|Any CPU
		{E904A780-5C3C-4C5A-BED5-0D337CFD7B2F}.Release|x64.ActiveCfg = Release|Any CPU
		{E904A780-5C3C-4C5A-BED5-0D337CFD7B2F}.Release|x64.Build.0 = Release|Any CPU
		{E904A780-5C3C-4C5A-BED5-0D337CFD7B2F}.Release|x86.ActiveCfg = Release|Any CPU
		{E904A780-5C3C-4C5A-BED5-0D337CFD7B2F}.Release|x86.Build.0 = Release|Any CPU
	EndGlobalSection
	GlobalSection(SolutionProperties) = preSolution
		HideSolutionNode = FALSE
	EndGlobalSection
	GlobalSection(NestedProjects) = preSolution
		{37BFCC49-D94D-43DE-8B5A-981C6BBA1155} = {827E0CD3-B72D-47B6-A68D-7590B98EB39B}
		{7267AEBD-22C1-4E7C-996F-4839C9286B96} = {827E0CD3-B72D-47B6-A68D-7590B98EB39B}
		{0E9B61C3-2BDD-4907-8C8E-003C62C72D60} = {827E0CD3-B72D-47B6-A68D-7590B98EB39B}
		{4A9E8574-745A-456B-BAF3-53DB449D671D} = {827E0CD3-B72D-47B6-A68D-7590B98EB39B}
		{321DF74F-FE36-4D87-AEFB-B8258495DDAA} = {0AB3BF05-4346-4AA6-1389-037BE0695223}
		{D37DFB1D-30E9-46B9-B286-DF20FEB65D16} = {0AB3BF05-4346-4AA6-1389-037BE0695223}
		{428834AD-CCA7-48D5-A330-7F444D4A1885} = {0AB3BF05-4346-4AA6-1389-037BE0695223}
		{E904A780-5C3C-4C5A-BED5-0D337CFD7B2F} = {0AB3BF05-4346-4AA6-1389-037BE0695223}
	EndGlobalSection
EndGlobal
